// !$*UTF8*$!
{
	archiveVersion = 1;
	classes = {
	};
	objectVersion = 50;
	objects = {

/* Begin PBXBuildFile section */
		33BD75C8251E3E91005C0217 /* AppDelegate.swift in Sources */ = {isa = PBXBuildFile; fileRef = 33BD75C7251E3E91005C0217 /* AppDelegate.swift */; };
		33BD75CA251E3E91005C0217 /* SceneDelegate.swift in Sources */ = {isa = PBXBuildFile; fileRef = 33BD75C9251E3E91005C0217 /* SceneDelegate.swift */; };
		33BD75CC251E3E91005C0217 /* ViewController.swift in Sources */ = {isa = PBXBuildFile; fileRef = 33BD75CB251E3E91005C0217 /* ViewController.swift */; };
		33BD75CF251E3E91005C0217 /* Main.storyboard in Resources */ = {isa = PBXBuildFile; fileRef = 33BD75CD251E3E91005C0217 /* Main.storyboard */; };
		33BD75D1251E3E9A005C0217 /* Assets.xcassets in Resources */ = {isa = PBXBuildFile; fileRef = 33BD75D0251E3E9A005C0217 /* Assets.xcassets */; };
		33BD75D4251E3E9A005C0217 /* LaunchScreen.storyboard in Resources */ = {isa = PBXBuildFile; fileRef = 33BD75D2251E3E9A005C0217 /* LaunchScreen.storyboard */; };
		33BD75DF251E3E9A005C0217 /* CalculadoraTests.swift in Sources */ = {isa = PBXBuildFile; fileRef = 33BD75DE251E3E9A005C0217 /* CalculadoraTests.swift */; };
		33BD75EA251E3E9A005C0217 /* CalculadoraUITests.swift in Sources */ = {isa = PBXBuildFile; fileRef = 33BD75E9251E3E9A005C0217 /* CalculadoraUITests.swift */; };
/* End PBXBuildFile section */

/* Begin PBXContainerItemProxy section */
		33BD75DB251E3E9A005C0217 /* PBXContainerItemProxy */ = {
			isa = PBXContainerItemProxy;
			containerPortal = 33BD75BC251E3E91005C0217 /* Project object */;
			proxyType = 1;
			remoteGlobalIDString = 33BD75C3251E3E91005C0217;
			remoteInfo = Calculadora;
		};
		33BD75E6251E3E9A005C0217 /* PBXContainerItemProxy */ = {
			isa = PBXContainerItemProxy;
			containerPortal = 33BD75BC251E3E91005C0217 /* Project object */;
			proxyType = 1;
			remoteGlobalIDString = 33BD75C3251E3E91005C0217;
			remoteInfo = Calculadora;
		};
/* End PBXContainerItemProxy section */

/* Begin PBXFileReference section */
		33BD75C4251E3E91005C0217 /* Calculadora.app */ = {isa = PBXFileReference; explicitFileType = wrapper.application; includeInIndex = 0; path = Calculadora.app; sourceTree = BUILT_PRODUCTS_DIR; };
		33BD75C7251E3E91005C0217 /* AppDelegate.swift */ = {isa = PBXFileReference; lastKnownFileType = sourcecode.swift; path = AppDelegate.swift; sourceTree = "<group>"; };
		33BD75C9251E3E91005C0217 /* SceneDelegate.swift */ = {isa = PBXFileReference; lastKnownFileType = sourcecode.swift; path = SceneDelegate.swift; sourceTree = "<group>"; };
		33BD75CB251E3E91005C0217 /* ViewController.swift */ = {isa = PBXFileReference; lastKnownFileType = sourcecode.swift; path = ViewController.swift; sourceTree = "<group>"; };
		33BD75CE251E3E91005C0217 /* Base */ = {isa = PBXFileReference; lastKnownFileType = file.storyboard; name = Base; path = Base.lproj/Main.storyboard; sourceTree = "<group>"; };
		33BD75D0251E3E9A005C0217 /* Assets.xcassets */ = {isa = PBXFileReference; lastKnownFileType = folder.assetcatalog; path = Assets.xcassets; sourceTree = "<group>"; };
		33BD75D3251E3E9A005C0217 /* Base */ = {isa = PBXFileReference; lastKnownFileType = file.storyboard; name = Base; path = Base.lproj/LaunchScreen.storyboard; sourceTree = "<group>"; };
		33BD75D5251E3E9A005C0217 /* Info.plist */ = {isa = PBXFileReference; lastKnownFileType = text.plist.xml; path = Info.plist; sourceTree = "<group>"; };
		33BD75DA251E3E9A005C0217 /* CalculadoraTests.xctest */ = {isa = PBXFileReference; explicitFileType = wrapper.cfbundle; includeInIndex = 0; path = CalculadoraTests.xctest; sourceTree = BUILT_PRODUCTS_DIR; };
		33BD75DE251E3E9A005C0217 /* CalculadoraTests.swift */ = {isa = PBXFileReference; lastKnownFileType = sourcecode.swift; path = CalculadoraTests.swift; sourceTree = "<group>"; };
		33BD75E0251E3E9A005C0217 /* Info.plist */ = {isa = PBXFileReference; lastKnownFileType = text.plist.xml; path = Info.plist; sourceTree = "<group>"; };
		33BD75E5251E3E9A005C0217 /* CalculadoraUITests.xctest */ = {isa = PBXFileReference; explicitFileType = wrapper.cfbundle; includeInIndex = 0; path = CalculadoraUITests.xctest; sourceTree = BUILT_PRODUCTS_DIR; };
		33BD75E9251E3E9A005C0217 /* CalculadoraUITests.swift */ = {isa = PBXFileReference; lastKnownFileType = sourcecode.swift; path = CalculadoraUITests.swift; sourceTree = "<group>"; };
		33BD75EB251E3E9A005C0217 /* Info.plist */ = {isa = PBXFileReference; lastKnownFileType = text.plist.xml; path = Info.plist; sourceTree = "<group>"; };
/* End PBXFileReference section */

/* Begin PBXFrameworksBuildPhase section */
		33BD75C1251E3E91005C0217 /* Frameworks */ = {
			isa = PBXFrameworksBuildPhase;
			buildActionMask = 2147483647;
			files = (
			);
			runOnlyForDeploymentPostprocessing = 0;
		};
		33BD75D7251E3E9A005C0217 /* Frameworks */ = {
			isa = PBXFrameworksBuildPhase;
			buildActionMask = 2147483647;
			files = (
			);
			runOnlyForDeploymentPostprocessing = 0;
		};
		33BD75E2251E3E9A005C0217 /* Frameworks */ = {
			isa = PBXFrameworksBuildPhase;
			buildActionMask = 2147483647;
			files = (
			);
			runOnlyForDeploymentPostprocessing = 0;
		};
/* End PBXFrameworksBuildPhase section */

/* Begin PBXGroup section */
		33BD75BB251E3E91005C0217 = {
			isa = PBXGroup;
			children = (
				33BD75C6251E3E91005C0217 /* Calculadora */,
				33BD75DD251E3E9A005C0217 /* CalculadoraTests */,
				33BD75E8251E3E9A005C0217 /* CalculadoraUITests */,
				33BD75C5251E3E91005C0217 /* Products */,
			);
			sourceTree = "<group>";
		};
		33BD75C5251E3E91005C0217 /* Products */ = {
			isa = PBXGroup;
			children = (
				33BD75C4251E3E91005C0217 /* Calculadora.app */,
				33BD75DA251E3E9A005C0217 /* CalculadoraTests.xctest */,
				33BD75E5251E3E9A005C0217 /* CalculadoraUITests.xctest */,
			);
			name = Products;
			sourceTree = "<group>";
		};
		33BD75C6251E3E91005C0217 /* Calculadora */ = {
			isa = PBXGroup;
			children = (
				33BD75C7251E3E91005C0217 /* AppDelegate.swift */,
				33BD75C9251E3E91005C0217 /* SceneDelegate.swift */,
				33BD75CB251E3E91005C0217 /* ViewController.swift */,
				33BD75CD251E3E91005C0217 /* Main.storyboard */,
				33BD75D0251E3E9A005C0217 /* Assets.xcassets */,
				33BD75D2251E3E9A005C0217 /* LaunchScreen.storyboard */,
				33BD75D5251E3E9A005C0217 /* Info.plist */,
			);
			path = Calculadora;
			sourceTree = "<group>";
		};
		33BD75DD251E3E9A005C0217 /* CalculadoraTests */ = {
			isa = PBXGroup;
			children = (
				33BD75DE251E3E9A005C0217 /* CalculadoraTests.swift */,
				33BD75E0251E3E9A005C0217 /* Info.plist */,
			);
			path = CalculadoraTests;
			sourceTree = "<group>";
		};
		33BD75E8251E3E9A005C0217 /* CalculadoraUITests */ = {
			isa = PBXGroup;
			children = (
				33BD75E9251E3E9A005C0217 /* CalculadoraUITests.swift */,
				33BD75EB251E3E9A005C0217 /* Info.plist */,
			);
			path = CalculadoraUITests;
			sourceTree = "<group>";
		};
/* End PBXGroup section */

/* Begin PBXNativeTarget section */
		33BD75C3251E3E91005C0217 /* Calculadora */ = {
			isa = PBXNativeTarget;
			buildConfigurationList = 33BD75EE251E3E9A005C0217 /* Build configuration list for PBXNativeTarget "Calculadora" */;
			buildPhases = (
				33BD75C0251E3E91005C0217 /* Sources */,
				33BD75C1251E3E91005C0217 /* Frameworks */,
				33BD75C2251E3E91005C0217 /* Resources */,
			);
			buildRules = (
			);
			dependencies = (
			);
			name = Calculadora;
			productName = Calculadora;
			productReference = 33BD75C4251E3E91005C0217 /* Calculadora.app */;
			productType = "com.apple.product-type.application";
		};
		33BD75D9251E3E9A005C0217 /* CalculadoraTests */ = {
			isa = PBXNativeTarget;
			buildConfigurationList = 33BD75F1251E3E9A005C0217 /* Build configuration list for PBXNativeTarget "CalculadoraTests" */;
			buildPhases = (
				33BD75D6251E3E9A005C0217 /* Sources */,
				33BD75D7251E3E9A005C0217 /* Frameworks */,
				33BD75D8251E3E9A005C0217 /* Resources */,
			);
			buildRules = (
			);
			dependencies = (
				33BD75DC251E3E9A005C0217 /* PBXTargetDependency */,
			);
			name = CalculadoraTests;
			productName = CalculadoraTests;
			productReference = 33BD75DA251E3E9A005C0217 /* CalculadoraTests.xctest */;
			productType = "com.apple.product-type.bundle.unit-test";
		};
		33BD75E4251E3E9A005C0217 /* CalculadoraUITests */ = {
			isa = PBXNativeTarget;
			buildConfigurationList = 33BD75F4251E3E9A005C0217 /* Build configuration list for PBXNativeTarget "CalculadoraUITests" */;
			buildPhases = (
				33BD75E1251E3E9A005C0217 /* Sources */,
				33BD75E2251E3E9A005C0217 /* Frameworks */,
				33BD75E3251E3E9A005C0217 /* Resources */,
			);
			buildRules = (
			);
			dependencies = (
				33BD75E7251E3E9A005C0217 /* PBXTargetDependency */,
			);
			name = CalculadoraUITests;
			productName = CalculadoraUITests;
			productReference = 33BD75E5251E3E9A005C0217 /* CalculadoraUITests.xctest */;
			productType = "com.apple.product-type.bundle.ui-testing";
		};
/* End PBXNativeTarget section */

/* Begin PBXProject section */
		33BD75BC251E3E91005C0217 /* Project object */ = {
			isa = PBXProject;
			attributes = {
				LastSwiftUpdateCheck = 1170;
				LastUpgradeCheck = 1170;
				ORGANIZATIONNAME = Apps2t;
				TargetAttributes = {
					33BD75C3251E3E91005C0217 = {
						CreatedOnToolsVersion = 11.7;
					};
					33BD75D9251E3E9A005C0217 = {
						CreatedOnToolsVersion = 11.7;
						TestTargetID = 33BD75C3251E3E91005C0217;
					};
					33BD75E4251E3E9A005C0217 = {
						CreatedOnToolsVersion = 11.7;
						TestTargetID = 33BD75C3251E3E91005C0217;
					};
				};
			};
			buildConfigurationList = 33BD75BF251E3E91005C0217 /* Build configuration list for PBXProject "Calculadora" */;
			compatibilityVersion = "Xcode 9.3";
			developmentRegion = en;
			hasScannedForEncodings = 0;
			knownRegions = (
				en,
				Base,
			);
			mainGroup = 33BD75BB251E3E91005C0217;
			productRefGroup = 33BD75C5251E3E91005C0217 /* Products */;
			projectDirPath = "";
			projectRoot = "";
			targets = (
				33BD75C3251E3E91005C0217 /* Calculadora */,
				33BD75D9251E3E9A005C0217 /* CalculadoraTests */,
				33BD75E4251E3E9A005C0217 /* CalculadoraUITests */,
			);
		};
/* End PBXProject section */

/* Begin PBXResourcesBuildPhase section */
		33BD75C2251E3E91005C0217 /* Resources */ = {
			isa = PBXResourcesBuildPhase;
			buildActionMask = 2147483647;
			files = (
				33BD75D4251E3E9A005C0217 /* LaunchScreen.storyboard in Resources */,
				33BD75D1251E3E9A005C0217 /* Assets.xcassets in Resources */,
				33BD75CF251E3E91005C0217 /* Main.storyboard in Resources */,
			);
			runOnlyForDeploymentPostprocessing = 0;
		};
		33BD75D8251E3E9A005C0217 /* Resources */ = {
			isa = PBXResourcesBuildPhase;
			buildActionMask = 2147483647;
			files = (
			);
			runOnlyForDeploymentPostprocessing = 0;
		};
		33BD75E3251E3E9A005C0217 /* Resources */ = {
			isa = PBXResourcesBuildPhase;
			buildActionMask = 2147483647;
			files = (
			);
			runOnlyForDeploymentPostprocessing = 0;
		};
/* End PBXResourcesBuildPhase section */

/* Begin PBXSourcesBuildPhase section */
		33BD75C0251E3E91005C0217 /* Sources */ = {
			isa = PBXSourcesBuildPhase;
			buildActionMask = 2147483647;
			files = (
				33BD75CC251E3E91005C0217 /* ViewController.swift in Sources */,
				33BD75C8251E3E91005C0217 /* AppDelegate.swift in Sources */,
				33BD75CA251E3E91005C0217 /* SceneDelegate.swift in Sources */,
			);
			runOnlyForDeploymentPostprocessing = 0;
		};
		33BD75D6251E3E9A005C0217 /* Sources */ = {
			isa = PBXSourcesBuildPhase;
			buildActionMask = 2147483647;
			files = (
				33BD75DF251E3E9A005C0217 /* CalculadoraTests.swift in Sources */,
			);
			runOnlyForDeploymentPostprocessing = 0;
		};
		33BD75E1251E3E9A005C0217 /* Sources */ = {
			isa = PBXSourcesBuildPhase;
			buildActionMask = 2147483647;
			files = (
				33BD75EA251E3E9A005C0217 /* CalculadoraUITests.swift in Sources */,
			);
			runOnlyForDeploymentPostprocessing = 0;
		};
/* End PBXSourcesBuildPhase section */

/* Begin PBXTargetDependency section */
		33BD75DC251E3E9A005C0217 /* PBXTargetDependency */ = {
			isa = PBXTargetDependency;
			target = 33BD75C3251E3E91005C0217 /* Calculadora */;
			targetProxy = 33BD75DB251E3E9A005C0217 /* PBXContainerItemProxy */;
		};
		33BD75E7251E3E9A005C0217 /* PBXTargetDependency */ = {
			isa = PBXTargetDependency;
			target = 33BD75C3251E3E91005C0217 /* Calculadora */;
			targetProxy = 33BD75E6251E3E9A005C0217 /* PBXContainerItemProxy */;
		};
/* End PBXTargetDependency section */

/* Begin PBXVariantGroup section */
		33BD75CD251E3E91005C0217 /* Main.storyboard */ = {
			isa = PBXVariantGroup;
			children = (
				33BD75CE251E3E91005C0217 /* Base */,
			);
			name = Main.storyboard;
			sourceTree = "<group>";
		};
		33BD75D2251E3E9A005C0217 /* LaunchScreen.storyboard */ = {
			isa = PBXVariantGroup;
			children = (
				33BD75D3251E3E9A005C0217 /* Base */,
			);
			name = LaunchScreen.storyboard;
			sourceTree = "<group>";
		};
/* End PBXVariantGroup section */

/* Begin XCBuildConfiguration section */
		33BD75EC251E3E9A005C0217 /* Debug */ = {
			isa = XCBuildConfiguration;
			buildSettings = {
				ALWAYS_SEARCH_USER_PATHS = NO;
				CLANG_ANALYZER_NONNULL = YES;
				CLANG_ANALYZER_NUMBER_OBJECT_CONVERSION = YES_AGGRESSIVE;
				CLANG_CXX_LANGUAGE_STANDARD = "gnu++14";
				CLANG_CXX_LIBRARY = "libc++";
				CLANG_ENABLE_MODULES = YES;
				CLANG_ENABLE_OBJC_ARC = YES;
				CLANG_ENABLE_OBJC_WEAK = YES;
				CLANG_WARN_BLOCK_CAPTURE_AUTORELEASING = YES;
				CLANG_WARN_BOOL_CONVERSION = YES;
				CLANG_WARN_COMMA = YES;
				CLANG_WARN_CONSTANT_CONVERSION = YES;
				CLANG_WARN_DEPRECATED_OBJC_IMPLEMENTATIONS = YES;
				CLANG_WARN_DIRECT_OBJC_ISA_USAGE = YES_ERROR;
				CLANG_WARN_DOCUMENTATION_COMMENTS = YES;
				CLANG_WARN_EMPTY_BODY = YES;
				CLANG_WARN_ENUM_CONVERSION = YES;
				CLANG_WARN_INFINITE_RECURSION = YES;
				CLANG_WARN_INT_CONVERSION = YES;
				CLANG_WARN_NON_LITERAL_NULL_CONVERSION = YES;
				CLANG_WARN_OBJC_IMPLICIT_RETAIN_SELF = YES;
				CLANG_WARN_OBJC_LITERAL_CONVERSION = YES;
				CLANG_WARN_OBJC_ROOT_CLASS = YES_ERROR;
				CLANG_WARN_RANGE_LOOP_ANALYSIS = YES;
				CLANG_WARN_STRICT_PROTOTYPES = YES;
				CLANG_WARN_SUSPICIOUS_MOVE = YES;
				CLANG_WARN_UNGUARDED_AVAILABILITY = YES_AGGRESSIVE;
				CLANG_WARN_UNREACHABLE_CODE = YES;
				CLANG_WARN__DUPLICATE_METHOD_MATCH = YES;
				COPY_PHASE_STRIP = NO;
				DEBUG_INFORMATION_FORMAT = dwarf;
				ENABLE_STRICT_OBJC_MSGSEND = YES;
				ENABLE_TESTABILITY = YES;
				GCC_C_LANGUAGE_STANDARD = gnu11;
				GCC_DYNAMIC_NO_PIC = NO;
				GCC_NO_COMMON_BLOCKS = YES;
				GCC_OPTIMIZATION_LEVEL = 0;
				GCC_PREPROCESSOR_DEFINITIONS = (
					"DEBUG=1",
					"$(inherited)",
				);
				GCC_WARN_64_TO_32_BIT_CONVERSION = YES;
				GCC_WARN_ABOUT_RETURN_TYPE = YES_ERROR;
				GCC_WARN_UNDECLARED_SELECTOR = YES;
				GCC_WARN_UNINITIALIZED_AUTOS = YES_AGGRESSIVE;
				GCC_WARN_UNUSED_FUNCTION = YES;
				GCC_WARN_UNUSED_VARIABLE = YES;
				IPHONEOS_DEPLOYMENT_TARGET = 13.7;
				MTL_ENABLE_DEBUG_INFO = INCLUDE_SOURCE;
				MTL_FAST_MATH = YES;
				ONLY_ACTIVE_ARCH = YES;
				SDKROOT = iphoneos;
				SWIFT_ACTIVE_COMPILATION_CONDITIONS = DEBUG;
				SWIFT_OPTIMIZATION_LEVEL = "-Onone";
			};
			name = Debug;
		};
		33BD75ED251E3E9A005C0217 /* Release */ = {
			isa = XCBuildConfiguration;
			buildSettings = {
				ALWAYS_SEARCH_USER_PATHS = NO;
				CLANG_ANALYZER_NONNULL = YES;
				CLANG_ANALYZER_NUMBER_OBJECT_CONVERSION = YES_AGGRESSIVE;
				CLANG_CXX_LANGUAGE_STANDARD = "gnu++14";
				CLANG_CXX_LIBRARY = "libc++";
				CLANG_ENABLE_MODULES = YES;
				CLANG_ENABLE_OBJC_ARC = YES;
				CLANG_ENABLE_OBJC_WEAK = YES;
				CLANG_WARN_BLOCK_CAPTURE_AUTORELEASING = YES;
				CLANG_WARN_BOOL_CONVERSION = YES;
				CLANG_WARN_COMMA = YES;
				CLANG_WARN_CONSTANT_CONVERSION = YES;
				CLANG_WARN_DEPRECATED_OBJC_IMPLEMENTATIONS = YES;
				CLANG_WARN_DIRECT_OBJC_ISA_USAGE = YES_ERROR;
				CLANG_WARN_DOCUMENTATION_COMMENTS = YES;
				CLANG_WARN_EMPTY_BODY = YES;
				CLANG_WARN_ENUM_CONVERSION = YES;
				CLANG_WARN_INFINITE_RECURSION = YES;
				CLANG_WARN_INT_CONVERSION = YES;
				CLANG_WARN_NON_LITERAL_NULL_CONVERSION = YES;
				CLANG_WARN_OBJC_IMPLICIT_RETAIN_SELF = YES;
				CLANG_WARN_OBJC_LITERAL_CONVERSION = YES;
				CLANG_WARN_OBJC_ROOT_CLASS = YES_ERROR;
				CLANG_WARN_RANGE_LOOP_ANALYSIS = YES;
				CLANG_WARN_STRICT_PROTOTYPES = YES;
				CLANG_WARN_SUSPICIOUS_MOVE = YES;
				CLANG_WARN_UNGUARDED_AVAILABILITY = YES_AGGRESSIVE;
				CLANG_WARN_UNREACHABLE_CODE = YES;
				CLANG_WARN__DUPLICATE_METHOD_MATCH = YES;
				COPY_PHASE_STRIP = NO;
				DEBUG_INFORMATION_FORMAT = "dwarf-with-dsym";
				ENABLE_NS_ASSERTIONS = NO;
				ENABLE_STRICT_OBJC_MSGSEND = YES;
				GCC_C_LANGUAGE_STANDARD = gnu11;
				GCC_NO_COMMON_BLOCKS = YES;
				GCC_WARN_64_TO_32_BIT_CONVERSION = YES;
				GCC_WARN_ABOUT_RETURN_TYPE = YES_ERROR;
				GCC_WARN_UNDECLARED_SELECTOR = YES;
				GCC_WARN_UNINITIALIZED_AUTOS = YES_AGGRESSIVE;
				GCC_WARN_UNUSED_FUNCTION = YES;
				GCC_WARN_UNUSED_VARIABLE = YES;
				IPHONEOS_DEPLOYMENT_TARGET = 13.7;
				MTL_ENABLE_DEBUG_INFO = NO;
				MTL_FAST_MATH = YES;
				SDKROOT = iphoneos;
				SWIFT_COMPILATION_MODE = wholemodule;
				SWIFT_OPTIMIZATION_LEVEL = "-O";
				VALIDATE_PRODUCT = YES;
			};
			name = Release;
		};
		33BD75EF251E3E9A005C0217 /* Debug */ = {
			isa = XCBuildConfiguration;
			buildSettings = {
				ASSETCATALOG_COMPILER_APPICON_NAME = AppIcon;
				CODE_SIGN_STYLE = Automatic;
				INFOPLIST_FILE = Calculadora/Info.plist;
				LD_RUNPATH_SEARCH_PATHS = (
					"$(inherited)",
					"@executable_path/Frameworks",
				);
				PRODUCT_BUNDLE_IDENTIFIER = alexmrtnz.Calculadora;
				PRODUCT_NAME = "$(TARGET_NAME)";
				SWIFT_VERSION = 5.0;
				TARGETED_DEVICE_FAMILY = "1,2";
			};
			name = Debug;
		};
		33BD75F0251E3E9A005C0217 /* Release */ = {
			isa = XCBuildConfiguration;
			buildSettings = {
				ASSETCATALOG_COMPILER_APPICON_NAME = AppIcon;
				CODE_SIGN_STYLE = Automatic;
				INFOPLIST_FILE = Calculadora/Info.plist;
				LD_RUNPATH_SEARCH_PATHS = (
					"$(inherited)",
					"@executable_path/Frameworks",
				);
				PRODUCT_BUNDLE_IDENTIFIER = alexmrtnz.Calculadora;
				PRODUCT_NAME = "$(TARGET_NAME)";
				SWIFT_VERSION = 5.0;
				TARGETED_DEVICE_FAMILY = "1,2";
			};
			name = Release;
		};
		33BD75F2251E3E9A005C0217 /* Debug */ = {
			isa = XCBuildConfiguration;
			buildSettings = {
				ALWAYS_EMBED_SWIFT_STANDARD_LIBRARIES = YES;
				BUNDLE_LOADER = "$(TEST_HOST)";
				CODE_SIGN_STYLE = Automatic;
				INFOPLIST_FILE = CalculadoraTests/Info.plist;
				IPHONEOS_DEPLOYMENT_TARGET = 13.7;
				LD_RUNPATH_SEARCH_PATHS = (
					"$(inherited)",
					"@executable_path/Frameworks",
					"@loader_path/Frameworks",
				);
				PRODUCT_BUNDLE_IDENTIFIER = alexmrtnz.CalculadoraTests;
				PRODUCT_NAME = "$(TARGET_NAME)";
				SWIFT_VERSION = 5.0;
				TARGETED_DEVICE_FAMILY = "1,2";
				TEST_HOST = "$(BUILT_PRODUCTS_DIR)/Calculadora.app/Calculadora";
			};
			name = Debug;
		};
		33BD75F3251E3E9A005C0217 /* Release */ = {
			isa = XCBuildConfiguration;
			buildSettings = {
				ALWAYS_EMBED_SWIFT_STANDARD_LIBRARIES = YES;
				BUNDLE_LOADER = "$(TEST_HOST)";
				CODE_SIGN_STYLE = Automatic;
				INFOPLIST_FILE = CalculadoraTests/Info.plist;
				IPHONEOS_DEPLOYMENT_TARGET = 13.7;
				LD_RUNPATH_SEARCH_PATHS = (
					"$(inherited)",
					"@executable_path/Frameworks",
					"@loader_path/Frameworks",
				);
				PRODUCT_BUNDLE_IDENTIFIER = alexmrtnz.CalculadoraTests;
				PRODUCT_NAME = "$(TARGET_NAME)";
				SWIFT_VERSION = 5.0;
				TARGETED_DEVICE_FAMILY = "1,2";
				TEST_HOST = "$(BUILT_PRODUCTS_DIR)/Calculadora.app/Calculadora";
			};
			name = Release;
		};
		33BD75F5251E3E9A005C0217 /* Debug */ = {
			isa = XCBuildConfiguration;
			buildSettings = {
				ALWAYS_EMBED_SWIFT_STANDARD_LIBRARIES = YES;
				CODE_SIGN_STYLE = Automatic;
				INFOPLIST_FILE = CalculadoraUITests/Info.plist;
				LD_RUNPATH_SEARCH_PATHS = (
					"$(inherited)",
					"@executable_path/Frameworks",
					"@loader_path/Frameworks",
				);
				PRODUCT_BUNDLE_IDENTIFIER = alexmrtnz.CalculadoraUITests;
				PRODUCT_NAME = "$(TARGET_NAME)";
				SWIFT_VERSION = 5.0;
				TARGETED_DEVICE_FAMILY = "1,2";
				TEST_TARGET_NAME = Calculadora;
			};
			name = Debug;
		};
		33BD75F6251E3E9A005C0217 /* Release */ = {
			isa = XCBuildConfiguration;
			buildSettings = {
				ALWAYS_EMBED_SWIFT_STANDARD_LIBRARIES = YES;
				CODE_SIGN_STYLE = Automatic;
				INFOPLIST_FILE = CalculadoraUITests/Info.plist;
				LD_RUNPATH_SEARCH_PATHS = (
					"$(inherited)",
					"@executable_path/Frameworks",
					"@loader_path/Frameworks",
				);
				PRODUCT_BUNDLE_IDENTIFIER = alexmrtnz.CalculadoraUITests;
				PRODUCT_NAME = "$(TARGET_NAME)";
				SWIFT_VERSION = 5.0;
				TARGETED_DEVICE_FAMILY = "1,2";
				TEST_TARGET_NAME = Calculadora;
			};
			name = Release;
		};
/* End XCBuildConfiguration section */

/* Begin XCConfigurationList section */
		33BD75BF251E3E91005C0217 /* Build configuration list for PBXProject "Calculadora" */ = {
			isa = XCConfigurationList;
			buildConfigurations = (
				33BD75EC251E3E9A005C0217 /* Debug */,
				33BD75ED251E3E9A005C0217 /* Release */,
			);
			defaultConfigurationIsVisible = 0;
			defaultConfigurationName = Release;
		};
		33BD75EE251E3E9A005C0217 /* Build configuration list for PBXNativeTarget "Calculadora" */ = {
			isa = XCConfigurationList;
			buildConfigurations = (
				33BD75EF251E3E9A005C0217 /* Debug */,
				33BD75F0251E3E9A005C0217 /* Release */,
			);
			defaultConfigurationIsVisible = 0;
			defaultConfigurationName = Release;
		};
		33BD75F1251E3E9A005C0217 /* Build configuration list for PBXNativeTarget "CalculadoraTests" */ = {
			isa = XCConfigurationList;
			buildConfigurations = (
				33BD75F2251E3E9A005C0217 /* Debug */,
				33BD75F3251E3E9A005C0217 /* Release */,
			);
			defaultConfigurationIsVisible = 0;
			defaultConfigurationName = Release;
		};
		33BD75F4251E3E9A005C0217 /* Build configuration list for PBXNativeTarget "CalculadoraUITests" */ = {
			isa = XCConfigurationList;
			buildConfigurations = (
				33BD75F5251E3E9A005C0217 /* Debug */,
				33BD75F6251E3E9A005C0217 /* Release */,
			);
			defaultConfigurationIsVisible = 0;
			defaultConfigurationName = Release;
		};
/* End XCConfigurationList section */
	};
	rootObject = 33BD75BC251E3E91005C0217 /* Project object */;
}
